
Microsoft Visual Studio Solution File, Format Version 12.00
# Visual Studio 15
VisualStudioVersion = 15.0.28307.960
MinimumVisualStudioVersion = 10.0.40219.1
Project("{FAE04EC0-301F-11D3-BF4B-00C04F79EFBC}") = "WebAppProjeto01G1", "WebAppProjeto01G1\WebAppProjeto01G1.csproj", "{5CA55828-B21C-498B-86A0-E2D5CBEFEB17}"
EndProject
Global
	GlobalSection(SolutionConfigurationPlatforms) = preSolution
		Debug|Any CPU = Debug|Any CPU
		Release|Any CPU = Release|Any CPU
	EndGlobalSection
	GlobalSection(ProjectConfigurationPlatforms) = postSolution
		{5CA55828-B21C-498B-86A0-E2D5CBEFEB17}.Debug|Any CPU.ActiveCfg = Debug|Any CPU
		{5CA55828-B21C-498B-86A0-E2D5CBEFEB17}.Debug|Any CPU.Build.0 = Debug|Any CPU
		{5CA55828-B21C-498B-86A0-E2D5CBEFEB17}.Release|Any CPU.ActiveCfg = Release|Any CPU
		{5CA55828-B21C-498B-86A0-E2D5CBEFEB17}.Release|Any CPU.Build.0 = Release|Any CPU
	EndGlobalSection
	GlobalSection(SolutionProperties) = preSolution
		HideSolutionNode = FALSE
	EndGlobalSection
	GlobalSection(ExtensibilityGlobals) = postSolution
		SolutionGuid = {22D2EFA4-E8BF-4E66-AF72-2F4527536344}
	EndGlobalSection
EndGlobal
